// !$*UTF8*$!
{
	archiveVersion = 1;
	classes = {
	};
	objectVersion = 60;
	objects = {

/* Begin PBXBuildFile section */
		1C1BB5842D322AF800562892 /* PostRowView.swift in Sources */ = {isa = PBXBuildFile; fileRef = 1C1BB5832D322AF100562892 /* PostRowView.swift */; };
		1CA7C31B2CD5CEAD006A92BD /* ViewModel.swift in Sources */ = {isa = PBXBuildFile; fileRef = 1CA7C31A2CD5CEAB006A92BD /* ViewModel.swift */; };
		1CD1587B2C2723CE00005F53 /* DoorDash_tech_screenApp.swift in Sources */ = {isa = PBXBuildFile; fileRef = 1CD1587A2C2723CE00005F53 /* DoorDash_tech_screenApp.swift */; };
		1CD1587D2C2723CE00005F53 /* ContentView.swift in Sources */ = {isa = PBXBuildFile; fileRef = 1CD1587C2C2723CE00005F53 /* ContentView.swift */; };
		1CD1587F2C2723D000005F53 /* Assets.xcassets in Resources */ = {isa = PBXBuildFile; fileRef = 1CD1587E2C2723D000005F53 /* Assets.xcassets */; };
		1CD158822C2723D000005F53 /* Preview Assets.xcassets in Resources */ = {isa = PBXBuildFile; fileRef = 1CD158812C2723D000005F53 /* Preview Assets.xcassets */; };
		1CD158892C2723F600005F53 /* Post.swift in Sources */ = {isa = PBXBuildFile; fileRef = 1CD158882C2723ED00005F53 /* Post.swift */; };
		1CD1588B2C27241700005F53 /* NetworkManager.swift in Sources */ = {isa = PBXBuildFile; fileRef = 1CD1588A2C27240F00005F53 /* NetworkManager.swift */; };
		1CD1588D2C27829500005F53 /* DetailView.swift in Sources */ = {isa = PBXBuildFile; fileRef = 1CD1588C2C27829000005F53 /* DetailView.swift */; };
/* End PBXBuildFile section */

/* Begin PBXFileReference section */
		1C1BB5832D322AF100562892 /* PostRowView.swift */ = {isa = PBXFileReference; lastKnownFileType = sourcecode.swift; path = PostRowView.swift; sourceTree = "<group>"; };
		1CA7C31A2CD5CEAB006A92BD /* ViewModel.swift */ = {isa = PBXFileReference; lastKnownFileType = sourcecode.swift; path = ViewModel.swift; sourceTree = "<group>"; };
		1CD158772C2723CE00005F53 /* DoorDash_tech_screen.app */ = {isa = PBXFileReference; explicitFileType = wrapper.application; includeInIndex = 0; path = DoorDash_tech_screen.app; sourceTree = BUILT_PRODUCTS_DIR; };
		1CD1587A2C2723CE00005F53 /* DoorDash_tech_screenApp.swift */ = {isa = PBXFileReference; lastKnownFileType = sourcecode.swift; path = DoorDash_tech_screenApp.swift; sourceTree = "<group>"; };
		1CD1587C2C2723CE00005F53 /* ContentView.swift */ = {isa = PBXFileReference; lastKnownFileType = sourcecode.swift; path = ContentView.swift; sourceTree = "<group>"; };
		1CD1587E2C2723D000005F53 /* Assets.xcassets */ = {isa = PBXFileReference; lastKnownFileType = folder.assetcatalog; path = Assets.xcassets; sourceTree = "<group>"; };
		1CD158812C2723D000005F53 /* Preview Assets.xcassets */ = {isa = PBXFileReference; lastKnownFileType = folder.assetcatalog; path = "Preview Assets.xcassets"; sourceTree = "<group>"; };
		1CD158882C2723ED00005F53 /* Post.swift */ = {isa = PBXFileReference; lastKnownFileType = sourcecode.swift; path = Post.swift; sourceTree = "<group>"; };
		1CD1588A2C27240F00005F53 /* NetworkManager.swift */ = {isa = PBXFileReference; lastKnownFileType = sourcecode.swift; path = NetworkManager.swift; sourceTree = "<group>"; };
		1CD1588C2C27829000005F53 /* DetailView.swift */ = {isa = PBXFileReference; lastKnownFileType = sourcecode.swift; path = DetailView.swift; sourceTree = "<group>"; };
/* End PBXFileReference section */

/* Begin PBXFrameworksBuildPhase section */
		1CD158742C2723CE00005F53 /* Frameworks */ = {
			isa = PBXFrameworksBuildPhase;
			buildActionMask = 2147483647;
			files = (
			);
			runOnlyForDeploymentPostprocessing = 0;
		};
/* End PBXFrameworksBuildPhase section */

/* Begin PBXGroup section */
		1CD1586E2C2723CE00005F53 = {
			isa = PBXGroup;
			children = (
				1CD158792C2723CE00005F53 /* DoorDash_tech_screen */,
				1CD158782C2723CE00005F53 /* Products */,
			);
			sourceTree = "<group>";
		};
		1CD158782C2723CE00005F53 /* Products */ = {
			isa = PBXGroup;
			children = (
				1CD158772C2723CE00005F53 /* DoorDash_tech_screen.app */,
			);
			name = Products;
			sourceTree = "<group>";
		};
		1CD158792C2723CE00005F53 /* DoorDash_tech_screen */ = {
			isa = PBXGroup;
			children = (
				1CA7C31A2CD5CEAB006A92BD /* ViewModel.swift */,
				1CD1588C2C27829000005F53 /* DetailView.swift */,
				1CD1588A2C27240F00005F53 /* NetworkManager.swift */,
				1CD158882C2723ED00005F53 /* Post.swift */,
				1C1BB5832D322AF100562892 /* PostRowView.swift */,
				1CD1587A2C2723CE00005F53 /* DoorDash_tech_screenApp.swift */,
				1CD1587C2C2723CE00005F53 /* ContentView.swift */,
				1CD1587E2C2723D000005F53 /* Assets.xcassets */,
				1CD158802C2723D000005F53 /* Preview Content */,
			);
			path = DoorDash_tech_screen;
			sourceTree = "<group>";
		};
		1CD158802C2723D000005F53 /* Preview Content */ = {
			isa = PBXGroup;
			children = (
				1CD158812C2723D000005F53 /* Preview Assets.xcassets */,
			);
			path = "Preview Content";
			sourceTree = "<group>";
		};
/* End PBXGroup section */

/* Begin PBXNativeTarget section */
		1CD158762C2723CE00005F53 /* DoorDash_tech_screen */ = {
			isa = PBXNativeTarget;
			buildConfigurationList = 1CD158852C2723D000005F53 /* Build configuration list for PBXNativeTarget "DoorDash_tech_screen" */;
			buildPhases = (
				1CD158732C2723CE00005F53 /* Sources */,
				1CD158742C2723CE00005F53 /* Frameworks */,
				1CD158752C2723CE00005F53 /* Resources */,
			);
			buildRules = (
			);
			dependencies = (
			);
			name = DoorDash_tech_screen;
			productName = DoorDash_tech_screen;
			productReference = 1CD158772C2723CE00005F53 /* DoorDash_tech_screen.app */;
			productType = "com.apple.product-type.application";
		};
/* End PBXNativeTarget section */

/* Begin PBXProject section */
		1CD1586F2C2723CE00005F53 /* Project object */ = {
			isa = PBXProject;
			attributes = {
				BuildIndependentTargetsInParallel = 1;
				LastSwiftUpdateCheck = 1600;
				LastUpgradeCheck = 1600;
				TargetAttributes = {
					1CD158762C2723CE00005F53 = {
						CreatedOnToolsVersion = 16.0;
					};
				};
			};
			buildConfigurationList = 1CD158722C2723CE00005F53 /* Build configuration list for PBXProject "DoorDash_tech_screen" */;
			compatibilityVersion = "Xcode 15.0";
			developmentRegion = en;
			hasScannedForEncodings = 0;
			knownRegions = (
				en,
				Base,
			);
			mainGroup = 1CD1586E2C2723CE00005F53;
			productRefGroup = 1CD158782C2723CE00005F53 /* Products */;
			projectDirPath = "";
			projectRoot = "";
			targets = (
				1CD158762C2723CE00005F53 /* DoorDash_tech_screen */,
			);
		};
/* End PBXProject section */

/* Begin PBXResourcesBuildPhase section */
		1CD158752C2723CE00005F53 /* Resources */ = {
			isa = PBXResourcesBuildPhase;
			buildActionMask = 2147483647;
			files = (
				1CD158822C2723D000005F53 /* Preview Assets.xcassets in Resources */,
				1CD1587F2C2723D000005F53 /* Assets.xcassets in Resources */,
			);
			runOnlyForDeploymentPostprocessing = 0;
		};
/* End PBXResourcesBuildPhase section */

/* Begin PBXSourcesBuildPhase section */
		1CD158732C2723CE00005F53 /* Sources */ = {
			isa = PBXSourcesBuildPhase;
			buildActionMask = 2147483647;
			files = (
				1CD1588B2C27241700005F53 /* NetworkManager.swift in Sources */,
				1CD158892C2723F600005F53 /* Post.swift in Sources */,
				1C1BB5842D322AF800562892 /* PostRowView.swift in Sources */,
				1CD1587D2C2723CE00005F53 /* ContentView.swift in Sources */,
				1CD1588D2C27829500005F53 /* DetailView.swift in Sources */,
				1CA7C31B2CD5CEAD006A92BD /* ViewModel.swift in Sources */,
				1CD1587B2C2723CE00005F53 /* DoorDash_tech_screenApp.swift in Sources */,
			);
			runOnlyForDeploymentPostprocessing = 0;
		};
/* End PBXSourcesBuildPhase section */

/* Begin XCBuildConfiguration section */
		1CD158832C2723D000005F53 /* Debug */ = {
			isa = XCBuildConfiguration;
			buildSettings = {
				ALWAYS_SEARCH_USER_PATHS = NO;
				ASSETCATALOG_COMPILER_GENERATE_SWIFT_ASSET_SYMBOL_EXTENSIONS = YES;
				CLANG_ANALYZER_NONNULL = YES;
				CLANG_ANALYZER_NUMBER_OBJECT_CONVERSION = YES_AGGRESSIVE;
				CLANG_CXX_LANGUAGE_STANDARD = "gnu++20";
				CLANG_ENABLE_MODULES = YES;
				CLANG_ENABLE_OBJC_ARC = YES;
				CLANG_ENABLE_OBJC_WEAK = YES;
				CLANG_WARN_BLOCK_CAPTURE_AUTORELEASING = YES;
				CLANG_WARN_BOOL_CONVERSION = YES;
				CLANG_WARN_COMMA = YES;
				CLANG_WARN_CONSTANT_CONVERSION = YES;
				CLANG_WARN_DEPRECATED_OBJC_IMPLEMENTATIONS = YES;
				CLANG_WARN_DIRECT_OBJC_ISA_USAGE = YES_ERROR;
				CLANG_WARN_DOCUMENTATION_COMMENTS = YES;
				CLANG_WARN_EMPTY_BODY = YES;
				CLANG_WARN_ENUM_CONVERSION = YES;
				CLANG_WARN_INFINITE_RECURSION = YES;
				CLANG_WARN_INT_CONVERSION = YES;
				CLANG_WARN_NON_LITERAL_NULL_CONVERSION = YES;
				CLANG_WARN_OBJC_IMPLICIT_RETAIN_SELF = YES;
				CLANG_WARN_OBJC_LITERAL_CONVERSION = YES;
				CLANG_WARN_OBJC_ROOT_CLASS = YES_ERROR;
				CLANG_WARN_QUOTED_INCLUDE_IN_FRAMEWORK_HEADER = YES;
				CLANG_WARN_RANGE_LOOP_ANALYSIS = YES;
				CLANG_WARN_STRICT_PROTOTYPES = YES;
				CLANG_WARN_SUSPICIOUS_MOVE = YES;
				CLANG_WARN_UNGUARDED_AVAILABILITY = YES_AGGRESSIVE;
				CLANG_WARN_UNREACHABLE_CODE = YES;
				CLANG_WARN__DUPLICATE_METHOD_MATCH = YES;
				COPY_PHASE_STRIP = NO;
				DEBUG_INFORMATION_FORMAT = dwarf;
				ENABLE_STRICT_OBJC_MSGSEND = YES;
				ENABLE_TESTABILITY = YES;
				ENABLE_USER_SCRIPT_SANDBOXING = YES;
				GCC_C_LANGUAGE_STANDARD = gnu17;
				GCC_DYNAMIC_NO_PIC = NO;
				GCC_NO_COMMON_BLOCKS = YES;
				GCC_OPTIMIZATION_LEVEL = 0;
				GCC_PREPROCESSOR_DEFINITIONS = (
					"DEBUG=1",
					"$(inherited)",
				);
				GCC_WARN_64_TO_32_BIT_CONVERSION = YES;
				GCC_WARN_ABOUT_RETURN_TYPE = YES_ERROR;
				GCC_WARN_UNDECLARED_SELECTOR = YES;
				GCC_WARN_UNINITIALIZED_AUTOS = YES_AGGRESSIVE;
				GCC_WARN_UNUSED_FUNCTION = YES;
				GCC_WARN_UNUSED_VARIABLE = YES;
				IPHONEOS_DEPLOYMENT_TARGET = 18.0;
				LOCALIZATION_PREFERS_STRING_CATALOGS = YES;
				MTL_ENABLE_DEBUG_INFO = INCLUDE_SOURCE;
				MTL_FAST_MATH = YES;
				ONLY_ACTIVE_ARCH = YES;
				SDKROOT = iphoneos;
				SWIFT_ACTIVE_COMPILATION_CONDITIONS = "DEBUG $(inherited)";
				SWIFT_OPTIMIZATION_LEVEL = "-Onone";
			};
			name = Debug;
		};
		1CD158842C2723D000005F53 /* Release */ = {
			isa = XCBuildConfiguration;
			buildSettings = {
				ALWAYS_SEARCH_USER_PATHS = NO;
				ASSETCATALOG_COMPILER_GENERATE_SWIFT_ASSET_SYMBOL_EXTENSIONS = YES;
				CLANG_ANALYZER_NONNULL = YES;
				CLANG_ANALYZER_NUMBER_OBJECT_CONVERSION = YES_AGGRESSIVE;
				CLANG_CXX_LANGUAGE_STANDARD = "gnu++20";
				CLANG_ENABLE_MODULES = YES;
				CLANG_ENABLE_OBJC_ARC = YES;
				CLANG_ENABLE_OBJC_WEAK = YES;
				CLANG_WARN_BLOCK_CAPTURE_AUTORELEASING = YES;
				CLANG_WARN_BOOL_CONVERSION = YES;
				CLANG_WARN_COMMA = YES;
				CLANG_WARN_CONSTANT_CONVERSION = YES;
				CLANG_WARN_DEPRECATED_OBJC_IMPLEMENTATIONS = YES;
				CLANG_WARN_DIRECT_OBJC_ISA_USAGE = YES_ERROR;
				CLANG_WARN_DOCUMENTATION_COMMENTS = YES;
				CLANG_WARN_EMPTY_BODY = YES;
				CLANG_WARN_ENUM_CONVERSION = YES;
				CLANG_WARN_INFINITE_RECURSION = YES;
				CLANG_WARN_INT_CONVERSION = YES;
				CLANG_WARN_NON_LITERAL_NULL_CONVERSION = YES;
				CLANG_WARN_OBJC_IMPLICIT_RETAIN_SELF = YES;
				CLANG_WARN_OBJC_LITERAL_CONVERSION = YES;
				CLANG_WARN_OBJC_ROOT_CLASS = YES_ERROR;
				CLANG_WARN_QUOTED_INCLUDE_IN_FRAMEWORK_HEADER = YES;
				CLANG_WARN_RANGE_LOOP_ANALYSIS = YES;
				CLANG_WARN_STRICT_PROTOTYPES = YES;
				CLANG_WARN_SUSPICIOUS_MOVE = YES;
				CLANG_WARN_UNGUARDED_AVAILABILITY = YES_AGGRESSIVE;
				CLANG_WARN_UNREACHABLE_CODE = YES;
				CLANG_WARN__DUPLICATE_METHOD_MATCH = YES;
				COPY_PHASE_STRIP = NO;
				DEBUG_INFORMATION_FORMAT = "dwarf-with-dsym";
				ENABLE_NS_ASSERTIONS = NO;
				ENABLE_STRICT_OBJC_MSGSEND = YES;
				ENABLE_USER_SCRIPT_SANDBOXING = YES;
				GCC_C_LANGUAGE_STANDARD = gnu17;
				GCC_NO_COMMON_BLOCKS = YES;
				GCC_WARN_64_TO_32_BIT_CONVERSION = YES;
				GCC_WARN_ABOUT_RETURN_TYPE = YES_ERROR;
				GCC_WARN_UNDECLARED_SELECTOR = YES;
				GCC_WARN_UNINITIALIZED_AUTOS = YES_AGGRESSIVE;
				GCC_WARN_UNUSED_FUNCTION = YES;
				GCC_WARN_UNUSED_VARIABLE = YES;
				IPHONEOS_DEPLOYMENT_TARGET = 18.0;
				LOCALIZATION_PREFERS_STRING_CATALOGS = YES;
				MTL_ENABLE_DEBUG_INFO = NO;
				MTL_FAST_MATH = YES;
				SDKROOT = iphoneos;
				SWIFT_COMPILATION_MODE = wholemodule;
				VALIDATE_PRODUCT = YES;
			};
			name = Release;
		};
		1CD158862C2723D000005F53 /* Debug */ = {
			isa = XCBuildConfiguration;
			buildSettings = {
				ASSETCATALOG_COMPILER_APPICON_NAME = AppIcon;
				ASSETCATALOG_COMPILER_GLOBAL_ACCENT_COLOR_NAME = AccentColor;
				CODE_SIGN_STYLE = Automatic;
				CURRENT_PROJECT_VERSION = 1;
				DEVELOPMENT_ASSET_PATHS = "\"DoorDash_tech_screen/Preview Content\"";
				DEVELOPMENT_TEAM = 6YCWDV2B6A;
				ENABLE_PREVIEWS = YES;
				GENERATE_INFOPLIST_FILE = YES;
				INFOPLIST_KEY_UIApplicationSceneManifest_Generation = YES;
				INFOPLIST_KEY_UIApplicationSupportsIndirectInputEvents = YES;
				INFOPLIST_KEY_UILaunchScreen_Generation = YES;
				INFOPLIST_KEY_UISupportedInterfaceOrientations_iPad = "UIInterfaceOrientationPortrait UIInterfaceOrientationPortraitUpsideDown UIInterfaceOrientationLandscapeLeft UIInterfaceOrientationLandscapeRight";
				INFOPLIST_KEY_UISupportedInterfaceOrientations_iPhone = "UIInterfaceOrientationPortrait UIInterfaceOrientationLandscapeLeft UIInterfaceOrientationLandscapeRight";
				LD_RUNPATH_SEARCH_PATHS = (
					"$(inherited)",
					"@executable_path/Frameworks",
				);
				MARKETING_VERSION = 1.0;
				PRODUCT_BUNDLE_IDENTIFIER = "com.shrtlist.DoorDash-tech-screen";
				PRODUCT_NAME = "$(TARGET_NAME)";
				SWIFT_EMIT_LOC_STRINGS = YES;
				SWIFT_VERSION = 5.0;
				TARGETED_DEVICE_FAMILY = "1,2";
			};
			name = Debug;
		};
		1CD158872C2723D000005F53 /* Release */ = {
			isa = XCBuildConfiguration;
			buildSettings = {
				ASSETCATALOG_COMPILER_APPICON_NAME = AppIcon;
				ASSETCATALOG_COMPILER_GLOBAL_ACCENT_COLOR_NAME = AccentColor;
				CODE_SIGN_STYLE = Automatic;
				CURRENT_PROJECT_VERSION = 1;
				DEVELOPMENT_ASSET_PATHS = "\"DoorDash_tech_screen/Preview Content\"";
				DEVELOPMENT_TEAM = 6YCWDV2B6A;
				ENABLE_PREVIEWS = YES;
				GENERATE_INFOPLIST_FILE = YES;
				INFOPLIST_KEY_UIApplicationSceneManifest_Generation = YES;
				INFOPLIST_KEY_UIApplicationSupportsIndirectInputEvents = YES;
				INFOPLIST_KEY_UILaunchScreen_Generation = YES;
				INFOPLIST_KEY_UISupportedInterfaceOrientations_iPad = "UIInterfaceOrientationPortrait UIInterfaceOrientationPortraitUpsideDown UIInterfaceOrientationLandscapeLeft UIInterfaceOrientationLandscapeRight";
				INFOPLIST_KEY_UISupportedInterfaceOrientations_iPhone = "UIInterfaceOrientationPortrait UIInterfaceOrientationLandscapeLeft UIInterfaceOrientationLandscapeRight";
				LD_RUNPATH_SEARCH_PATHS = (
					"$(inherited)",
					"@executable_path/Frameworks",
				);
				MARKETING_VERSION = 1.0;
				PRODUCT_BUNDLE_IDENTIFIER = "com.shrtlist.DoorDash-tech-screen";
				PRODUCT_NAME = "$(TARGET_NAME)";
				SWIFT_EMIT_LOC_STRINGS = YES;
				SWIFT_VERSION = 5.0;
				TARGETED_DEVICE_FAMILY = "1,2";
			};
			name = Release;
		};
/* End XCBuildConfiguration section */

/* Begin XCConfigurationList section */
		1CD158722C2723CE00005F53 /* Build configuration list for PBXProject "DoorDash_tech_screen" */ = {
			isa = XCConfigurationList;
			buildConfigurations = (
				1CD158832C2723D000005F53 /* Debug */,
				1CD158842C2723D000005F53 /* Release */,
			);
			defaultConfigurationIsVisible = 0;
			defaultConfigurationName = Release;
		};
		1CD158852C2723D000005F53 /* Build configuration list for PBXNativeTarget "DoorDash_tech_screen" */ = {
			isa = XCConfigurationList;
			buildConfigurations = (
				1CD158862C2723D000005F53 /* Debug */,
				1CD158872C2723D000005F53 /* Release */,
			);
			defaultConfigurationIsVisible = 0;
			defaultConfigurationName = Release;
		};
/* End XCConfigurationList section */
	};
	rootObject = 1CD1586F2C2723CE00005F53 /* Project object */;
}
